
Microsoft Visual Studio Solution File, Format Version 12.00
# Visual Studio 14
VisualStudioVersion = 14.0.25420.1
MinimumVisualStudioVersion = 10.0.40219.1
Project("{FAE04EC0-301F-11D3-BF4B-00C04F79EFBC}") = "checkout1", "checkout1\checkout1.csproj", "{FE065649-DCF5-40A3-9781-E9B2C8396706}"
EndProject
Project("{FAE04EC0-301F-11D3-BF4B-00C04F79EFBC}") = "CheckoutTests", "CheckoutTests\CheckoutTests.csproj", "{614C251C-AA3A-4237-B797-9BD01C4BB63B}"
EndProject
Global
	GlobalSection(SolutionConfigurationPlatforms) = preSolution
		Debug|Any CPU = Debug|Any CPU
		Release|Any CPU = Release|Any CPU
	EndGlobalSection
	GlobalSection(ProjectConfigurationPlatforms) = postSolution
		{FE065649-DCF5-40A3-9781-E9B2C8396706}.Debug|Any CPU.ActiveCfg = Debug|Any CPU
		{FE065649-DCF5-40A3-9781-E9B2C8396706}.Debug|Any CPU.Build.0 = Debug|Any CPU
		{FE065649-DCF5-40A3-9781-E9B2C8396706}.Release|Any CPU.ActiveCfg = Release|Any CPU
		{FE065649-DCF5-40A3-9781-E9B2C8396706}.Release|Any CPU.Build.0 = Release|Any CPU
		{614C251C-AA3A-4237-B797-9BD01C4BB63B}.Debug|Any CPU.ActiveCfg = Debug|Any CPU
		{614C251C-AA3A-4237-B797-9BD01C4BB63B}.Debug|Any CPU.Build.0 = Debug|Any CPU
		{614C251C-AA3A-4237-B797-9BD01C4BB63B}.Release|Any CPU.ActiveCfg = Release|Any CPU
		{614C251C-AA3A-4237-B797-9BD01C4BB63B}.Release|Any CPU.Build.0 = Release|Any CPU
	EndGlobalSection
	GlobalSection(SolutionProperties) = preSolution
		HideSolutionNode = FALSE
	EndGlobalSection
EndGlobal
